{
  "version": 4,
  "terraform_version": "0.14.8",
  "serial": 676,
  "lineage": "a39cb142-74d9-0c8d-c11c-b1ca06ef0908",
  "outputs": {},
  "resources": [
    {
      "mode": "managed",
      "type": "aws_cloudfront_distribution",
      "name": "cf",
      "provider": "provider[\"registry.terraform.io/hashicorp/aws\"]",
      "instances": [
        {
          "schema_version": 1,
          "attributes": {
            "aliases": [
              "ascendahotels.me"
            ],
            "arn": "arn:aws:cloudfront::650965765717:distribution/E2MVKHKP4NBU3P",
            "caller_reference": "terraform-20210403075926040800000006",
            "comment": null,
            "custom_error_response": [],
            "default_cache_behavior": [
              {
                "allowed_methods": [
                  "DELETE",
                  "GET",
                  "HEAD",
                  "OPTIONS",
                  "PATCH",
                  "POST",
                  "PUT"
                ],
                "cache_policy_id": "",
                "cached_methods": [
                  "GET",
                  "HEAD",
                  "OPTIONS"
                ],
                "compress": false,
                "default_ttl": 0,
                "field_level_encryption_id": "",
                "forwarded_values": [
                  {
                    "cookies": [
                      {
                        "forward": "all",
                        "whitelisted_names": []
                      }
                    ],
                    "headers": [],
                    "query_string": true,
                    "query_string_cache_keys": []
                  }
                ],
                "lambda_function_association": [],
                "max_ttl": 0,
                "min_ttl": 0,
                "origin_request_policy_id": "",
                "realtime_log_config_arn": "",
                "smooth_streaming": false,
                "target_origin_id": "ascendahotelsbucket.s3.ap-southeast-1.amazonaws.com",
                "trusted_signers": [],
                "viewer_protocol_policy": "redirect-to-https"
              }
            ],
            "default_root_object": "index.html",
            "domain_name": "d29jx449ia9d4i.cloudfront.net",
            "enabled": true,
            "etag": "E3M62J626ML0K3",
            "hosted_zone_id": "Z2FDTNDATAQYW2",
            "http_version": "http2",
            "id": "E2MVKHKP4NBU3P",
            "in_progress_validation_batches": 0,
            "is_ipv6_enabled": false,
            "last_modified_time": "2021-04-03 07:59:27.496 +0000 UTC",
            "logging_config": [],
            "ordered_cache_behavior": [],
            "origin": [
              {
                "custom_header": [],
                "custom_origin_config": [],
                "domain_name": "ascendahotelsbucket.s3.ap-southeast-1.amazonaws.com",
                "origin_id": "ascendahotelsbucket.s3.ap-southeast-1.amazonaws.com",
                "origin_path": "",
                "s3_origin_config": [
                  {
                    "origin_access_identity": "origin-access-identity/cloudfront/E3DQW6CVXKGXCD"
                  }
                ]
              }
            ],
            "origin_group": [],
            "price_class": "PriceClass_All",
            "restrictions": [
              {
                "geo_restriction": [
                  {
                    "locations": [],
                    "restriction_type": "none"
                  }
                ]
              }
            ],
            "retain_on_delete": false,
            "status": "Deployed",
            "tags": {
              "created_by": "terraform"
            },
            "trusted_signers": [
              {
                "enabled": false,
                "items": []
              }
            ],
            "viewer_certificate": [
              {
                "acm_certificate_arn": "arn:aws:acm:us-east-1:650965765717:certificate/ba067f57-acea-417d-9ef3-8cfecf047723",
                "cloudfront_default_certificate": false,
                "iam_certificate_id": "",
                "minimum_protocol_version": "TLSv1.2_2018",
                "ssl_support_method": "sni-only"
              }
            ],
            "wait_for_deployment": true,
            "web_acl_id": ""
          },
          "sensitive_attributes": []
        }
      ]
    },
    {
      "mode": "managed",
      "type": "aws_cloudfront_origin_access_identity",
      "name": "oai",
      "provider": "provider[\"registry.terraform.io/hashicorp/aws\"]",
      "instances": [
        {
          "schema_version": 0,
          "attributes": {
            "caller_reference": "terraform-20210403075650467800000002",
            "cloudfront_access_identity_path": "origin-access-identity/cloudfront/E3DQW6CVXKGXCD",
            "comment": "OAI for ascendahotels.me",
            "etag": "E1ASB16YA0Y7GS",
            "iam_arn": "arn:aws:iam::cloudfront:user/CloudFront Origin Access Identity E3DQW6CVXKGXCD",
            "id": "E3DQW6CVXKGXCD",
            "s3_canonical_user_id": "73523ef48fb442850ae519904a71c92dd30a944697205972c8d86202dd508248eeabd8cceb5c635c8f0858a32a03c259"
          },
          "sensitive_attributes": []
        }
      ]
    },
    {
      "module": "module.vpc",
      "mode": "managed",
      "type": "aws_vpc",
      "name": "default",
      "provider": "provider[\"registry.terraform.io/hashicorp/aws\"]",
      "instances": [
        {
          "index_key": 0,
          "schema_version": 1,
          "attributes": {
            "arn": "arn:aws:ec2:ap-southeast-1:650965765717:vpc/vpc-0599878536fa7fe50",
            "assign_generated_ipv6_cidr_block": true,
            "cidr_block": "172.16.0.0/16",
            "default_network_acl_id": "acl-0969271942ce614ba",
            "default_route_table_id": "rtb-00ee67803f2e6b684",
            "default_security_group_id": "sg-0f4cde8a38d0fd999",
            "dhcp_options_id": "dopt-03d83d65",
            "enable_classiclink": false,
            "enable_classiclink_dns_support": false,
            "enable_dns_hostnames": true,
            "enable_dns_support": true,
            "id": "vpc-0599878536fa7fe50",
            "instance_tenancy": "default",
            "ipv6_association_id": "vpc-cidr-assoc-0efee98ca39961b45",
            "ipv6_cidr_block": "2406:da18:4ce:2800::/56",
            "main_route_table_id": "rtb-00ee67803f2e6b684",
            "owner_id": "650965765717",
            "tags": {
              "Name": "main"
            },
            "tags_all": {
              "Name": "main"
            }
          },
          "sensitive_attributes": []
        }
      ]
    }
  ]
}
